// !$*UTF8*$!
{
	archiveVersion = 1;
	classes = {
	};
	objectVersion = 48;
	objects = {

/* Begin PBXBuildFile section */
		FC6A76DC1F9E796F00F1F870 /* AppDelegate.swift in Sources */ = {isa = PBXBuildFile; fileRef = FC6A76DB1F9E796F00F1F870 /* AppDelegate.swift */; };
		FC6A76DE1F9E796F00F1F870 /* ViewController.swift in Sources */ = {isa = PBXBuildFile; fileRef = FC6A76DD1F9E796F00F1F870 /* ViewController.swift */; };
		FC6A76E11F9E796F00F1F870 /* Main.storyboard in Resources */ = {isa = PBXBuildFile; fileRef = FC6A76DF1F9E796F00F1F870 /* Main.storyboard */; };
		FC6A76E31F9E796F00F1F870 /* Assets.xcassets in Resources */ = {isa = PBXBuildFile; fileRef = FC6A76E21F9E796F00F1F870 /* Assets.xcassets */; };
		FC6A76E61F9E796F00F1F870 /* LaunchScreen.storyboard in Resources */ = {isa = PBXBuildFile; fileRef = FC6A76E41F9E796F00F1F870 /* LaunchScreen.storyboard */; };
		FC6A76F01F9E7D9600F1F870 /* WarpKernel.metal in Sources */ = {isa = PBXBuildFile; fileRef = FC6A76EF1F9E7D9600F1F870 /* WarpKernel.metal */; };
/* End PBXBuildFile section */

/* Begin PBXFileReference section */
		FC6A76D81F9E796F00F1F870 /* Metal_Preprocessing.app */ = {isa = PBXFileReference; explicitFileType = wrapper.application; includeInIndex = 0; path = Metal_Preprocessing.app; sourceTree = BUILT_PRODUCTS_DIR; };
		FC6A76DB1F9E796F00F1F870 /* AppDelegate.swift */ = {isa = PBXFileReference; lastKnownFileType = sourcecode.swift; path = AppDelegate.swift; sourceTree = "<group>"; };
		FC6A76DD1F9E796F00F1F870 /* ViewController.swift */ = {isa = PBXFileReference; lastKnownFileType = sourcecode.swift; path = ViewController.swift; sourceTree = "<group>"; };
		FC6A76E01F9E796F00F1F870 /* Base */ = {isa = PBXFileReference; lastKnownFileType = file.storyboard; name = Base; path = Base.lproj/Main.storyboard; sourceTree = "<group>"; };
		FC6A76E21F9E796F00F1F870 /* Assets.xcassets */ = {isa = PBXFileReference; lastKnownFileType = folder.assetcatalog; path = Assets.xcassets; sourceTree = "<group>"; };
		FC6A76E51F9E796F00F1F870 /* Base */ = {isa = PBXFileReference; lastKnownFileType = file.storyboard; name = Base; path = Base.lproj/LaunchScreen.storyboard; sourceTree = "<group>"; };
		FC6A76E71F9E796F00F1F870 /* Info.plist */ = {isa = PBXFileReference; lastKnownFileType = text.plist.xml; path = Info.plist; sourceTree = "<group>"; };
		FC6A76EF1F9E7D9600F1F870 /* WarpKernel.metal */ = {isa = PBXFileReference; fileEncoding = 4; lastKnownFileType = sourcecode.metal; path = WarpKernel.metal; sourceTree = "<group>"; };
/* End PBXFileReference section */

/* Begin PBXFrameworksBuildPhase section */
		FC6A76D51F9E796F00F1F870 /* Frameworks */ = {
			isa = PBXFrameworksBuildPhase;
			buildActionMask = 2147483647;
			files = (
			);
			runOnlyForDeploymentPostprocessing = 0;
		};
/* End PBXFrameworksBuildPhase section */

/* Begin PBXGroup section */
		FC6A76CF1F9E796F00F1F870 = {
			isa = PBXGroup;
			children = (
				FC6A76EF1F9E7D9600F1F870 /* WarpKernel.metal */,
				FC6A76DA1F9E796F00F1F870 /* Metal_Preprocessing */,
				FC6A76D91F9E796F00F1F870 /* Products */,
			);
			sourceTree = "<group>";
		};
		FC6A76D91F9E796F00F1F870 /* Products */ = {
			isa = PBXGroup;
			children = (
				FC6A76D81F9E796F00F1F870 /* Metal_Preprocessing.app */,
			);
			name = Products;
			sourceTree = "<group>";
		};
		FC6A76DA1F9E796F00F1F870 /* Metal_Preprocessing */ = {
			isa = PBXGroup;
			children = (
				FC6A76DB1F9E796F00F1F870 /* AppDelegate.swift */,
				FC6A76DD1F9E796F00F1F870 /* ViewController.swift */,
				FC6A76DF1F9E796F00F1F870 /* Main.storyboard */,
				FC6A76E21F9E796F00F1F870 /* Assets.xcassets */,
				FC6A76E41F9E796F00F1F870 /* LaunchScreen.storyboard */,
				FC6A76E71F9E796F00F1F870 /* Info.plist */,
			);
			path = Metal_Preprocessing;
			sourceTree = "<group>";
		};
/* End PBXGroup section */

/* Begin PBXNativeTarget section */
		FC6A76D71F9E796F00F1F870 /* Metal_Preprocessing */ = {
			isa = PBXNativeTarget;
			buildConfigurationList = FC6A76EA1F9E796F00F1F870 /* Build configuration list for PBXNativeTarget "Metal_Preprocessing" */;
			buildPhases = (
				FC6A76D41F9E796F00F1F870 /* Sources */,
				FC6A76D51F9E796F00F1F870 /* Frameworks */,
				FC6A76D61F9E796F00F1F870 /* Resources */,
			);
			buildRules = (
			);
			dependencies = (
			);
			name = Metal_Preprocessing;
			productName = Metal_Preprocessing;
			productReference = FC6A76D81F9E796F00F1F870 /* Metal_Preprocessing.app */;
			productType = "com.apple.product-type.application";
		};
/* End PBXNativeTarget section */

/* Begin PBXProject section */
		FC6A76D01F9E796F00F1F870 /* Project object */ = {
			isa = PBXProject;
			attributes = {
				LastSwiftUpdateCheck = 0910;
				LastUpgradeCheck = 0910;
				ORGANIZATIONNAME = com.metal.preprocessing;
				TargetAttributes = {
					FC6A76D71F9E796F00F1F870 = {
						CreatedOnToolsVersion = 9.1;
						ProvisioningStyle = Automatic;
					};
				};
			};
			buildConfigurationList = FC6A76D31F9E796F00F1F870 /* Build configuration list for PBXProject "Metal_Preprocessing" */;
			compatibilityVersion = "Xcode 8.0";
			developmentRegion = en;
			hasScannedForEncodings = 0;
			knownRegions = (
				en,
				Base,
			);
			mainGroup = FC6A76CF1F9E796F00F1F870;
			productRefGroup = FC6A76D91F9E796F00F1F870 /* Products */;
			projectDirPath = "";
			projectRoot = "";
			targets = (
				FC6A76D71F9E796F00F1F870 /* Metal_Preprocessing */,
			);
		};
/* End PBXProject section */

/* Begin PBXResourcesBuildPhase section */
		FC6A76D61F9E796F00F1F870 /* Resources */ = {
			isa = PBXResourcesBuildPhase;
			buildActionMask = 2147483647;
			files = (
				FC6A76E61F9E796F00F1F870 /* LaunchScreen.storyboard in Resources */,
				FC6A76E31F9E796F00F1F870 /* Assets.xcassets in Resources */,
				FC6A76E11F9E796F00F1F870 /* Main.storyboard in Resources */,
			);
			runOnlyForDeploymentPostprocessing = 0;
		};
/* End PBXResourcesBuildPhase section */

/* Begin PBXSourcesBuildPhase section */
		FC6A76D41F9E796F00F1F870 /* Sources */ = {
			isa = PBXSourcesBuildPhase;
			buildActionMask = 2147483647;
			files = (
				FC6A76F01F9E7D9600F1F870 /* WarpKernel.metal in Sources */,
				FC6A76DE1F9E796F00F1F870 /* ViewController.swift in Sources */,
				FC6A76DC1F9E796F00F1F870 /* AppDelegate.swift in Sources */,
			);
			runOnlyForDeploymentPostprocessing = 0;
		};
/* End PBXSourcesBuildPhase section */

/* Begin PBXVariantGroup section */
		FC6A76DF1F9E796F00F1F870 /* Main.storyboard */ = {
			isa = PBXVariantGroup;
			children = (
				FC6A76E01F9E796F00F1F870 /* Base */,
			);
			name = Main.storyboard;
			sourceTree = "<group>";
		};
		FC6A76E41F9E796F00F1F870 /* LaunchScreen.storyboard */ = {
			isa = PBXVariantGroup;
			children = (
				FC6A76E51F9E796F00F1F870 /* Base */,
			);
			name = LaunchScreen.storyboard;
			sourceTree = "<group>";
		};
/* End PBXVariantGroup section */

/* Begin XCBuildConfiguration section */
		FC6A76E81F9E796F00F1F870 /* Debug */ = {
			isa = XCBuildConfiguration;
			buildSettings = {
				ALWAYS_SEARCH_USER_PATHS = NO;
				CLANG_ANALYZER_NONNULL = YES;
				CLANG_ANALYZER_NUMBER_OBJECT_CONVERSION = YES_AGGRESSIVE;
				CLANG_CXX_LANGUAGE_STANDARD = "gnu++14";
				CLANG_CXX_LIBRARY = "libc++";
				CLANG_ENABLE_MODULES = YES;
				CLANG_ENABLE_OBJC_ARC = YES;
				CLANG_WARN_BLOCK_CAPTURE_AUTORELEASING = YES;
				CLANG_WARN_BOOL_CONVERSION = YES;
				CLANG_WARN_COMMA = YES;
				CLANG_WARN_CONSTANT_CONVERSION = YES;
				CLANG_WARN_DIRECT_OBJC_ISA_USAGE = YES_ERROR;
				CLANG_WARN_DOCUMENTATION_COMMENTS = YES;
				CLANG_WARN_EMPTY_BODY = YES;
				CLANG_WARN_ENUM_CONVERSION = YES;
				CLANG_WARN_INFINITE_RECURSION = YES;
				CLANG_WARN_INT_CONVERSION = YES;
				CLANG_WARN_NON_LITERAL_NULL_CONVERSION = YES;
				CLANG_WARN_OBJC_LITERAL_CONVERSION = YES;
				CLANG_WARN_OBJC_ROOT_CLASS = YES_ERROR;
				CLANG_WARN_RANGE_LOOP_ANALYSIS = YES;
				CLANG_WARN_STRICT_PROTOTYPES = YES;
				CLANG_WARN_SUSPICIOUS_MOVE = YES;
				CLANG_WARN_UNGUARDED_AVAILABILITY = YES_AGGRESSIVE;
				CLANG_WARN_UNREACHABLE_CODE = YES;
				CLANG_WARN__DUPLICATE_METHOD_MATCH = YES;
				CODE_SIGN_IDENTITY = "iPhone Developer";
				COPY_PHASE_STRIP = NO;
				DEBUG_INFORMATION_FORMAT = dwarf;
				ENABLE_STRICT_OBJC_MSGSEND = YES;
				ENABLE_TESTABILITY = YES;
				GCC_C_LANGUAGE_STANDARD = gnu11;
				GCC_DYNAMIC_NO_PIC = NO;
				GCC_NO_COMMON_BLOCKS = YES;
				GCC_OPTIMIZATION_LEVEL = 0;
				GCC_PREPROCESSOR_DEFINITIONS = (
					"DEBUG=1",
					"$(inherited)",
				);
				GCC_WARN_64_TO_32_BIT_CONVERSION = YES;
				GCC_WARN_ABOUT_RETURN_TYPE = YES_ERROR;
				GCC_WARN_UNDECLARED_SELECTOR = YES;
				GCC_WARN_UNINITIALIZED_AUTOS = YES_AGGRESSIVE;
				GCC_WARN_UNUSED_FUNCTION = YES;
				GCC_WARN_UNUSED_VARIABLE = YES;
				IPHONEOS_DEPLOYMENT_TARGET = 11.1;
				MTLLINKER_FLAGS = "-cikernel";
				MTL_COMPILER_FLAGS = "-fcikernel";
				MTL_ENABLE_DEBUG_INFO = YES;
				ONLY_ACTIVE_ARCH = YES;
				SDKROOT = iphoneos;
				SWIFT_ACTIVE_COMPILATION_CONDITIONS = DEBUG;
				SWIFT_OPTIMIZATION_LEVEL = "-Onone";
			};
			name = Debug;
		};
		FC6A76E91F9E796F00F1F870 /* Release */ = {
			isa = XCBuildConfiguration;
			buildSettings = {
				ALWAYS_SEARCH_USER_PATHS = NO;
				CLANG_ANALYZER_NONNULL = YES;
				CLANG_ANALYZER_NUMBER_OBJECT_CONVERSION = YES_AGGRESSIVE;
				CLANG_CXX_LANGUAGE_STANDARD = "gnu++14";
				CLANG_CXX_LIBRARY = "libc++";
				CLANG_ENABLE_MODULES = YES;
				CLANG_ENABLE_OBJC_ARC = YES;
				CLANG_WARN_BLOCK_CAPTURE_AUTORELEASING = YES;
				CLANG_WARN_BOOL_CONVERSION = YES;
				CLANG_WARN_COMMA = YES;
				CLANG_WARN_CONSTANT_CONVERSION = YES;
				CLANG_WARN_DIRECT_OBJC_ISA_USAGE = YES_ERROR;
				CLANG_WARN_DOCUMENTATION_COMMENTS = YES;
				CLANG_WARN_EMPTY_BODY = YES;
				CLANG_WARN_ENUM_CONVERSION = YES;
				CLANG_WARN_INFINITE_RECURSION = YES;
				CLANG_WARN_INT_CONVERSION = YES;
				CLANG_WARN_NON_LITERAL_NULL_CONVERSION = YES;
				CLANG_WARN_OBJC_LITERAL_CONVERSION = YES;
				CLANG_WARN_OBJC_ROOT_CLASS = YES_ERROR;
				CLANG_WARN_RANGE_LOOP_ANALYSIS = YES;
				CLANG_WARN_STRICT_PROTOTYPES = YES;
				CLANG_WARN_SUSPICIOUS_MOVE = YES;
				CLANG_WARN_UNGUARDED_AVAILABILITY = YES_AGGRESSIVE;
				CLANG_WARN_UNREACHABLE_CODE = YES;
				CLANG_WARN__DUPLICATE_METHOD_MATCH = YES;
				CODE_SIGN_IDENTITY = "iPhone Developer";
				COPY_PHASE_STRIP = NO;
				DEBUG_INFORMATION_FORMAT = "dwarf-with-dsym";
				ENABLE_NS_ASSERTIONS = NO;
				ENABLE_STRICT_OBJC_MSGSEND = YES;
				GCC_C_LANGUAGE_STANDARD = gnu11;
				GCC_NO_COMMON_BLOCKS = YES;
				GCC_WARN_64_TO_32_BIT_CONVERSION = YES;
				GCC_WARN_ABOUT_RETURN_TYPE = YES_ERROR;
				GCC_WARN_UNDECLARED_SELECTOR = YES;
				GCC_WARN_UNINITIALIZED_AUTOS = YES_AGGRESSIVE;
				GCC_WARN_UNUSED_FUNCTION = YES;
				GCC_WARN_UNUSED_VARIABLE = YES;
				IPHONEOS_DEPLOYMENT_TARGET = 11.1;
				MTLLINKER_FLAGS = "-cikernel";
				MTL_COMPILER_FLAGS = "-fcikernel";
				MTL_ENABLE_DEBUG_INFO = NO;
				SDKROOT = iphoneos;
				SWIFT_OPTIMIZATION_LEVEL = "-Owholemodule";
				VALIDATE_PRODUCT = YES;
			};
			name = Release;
		};
		FC6A76EB1F9E796F00F1F870 /* Debug */ = {
			isa = XCBuildConfiguration;
			buildSettings = {
				ASSETCATALOG_COMPILER_APPICON_NAME = AppIcon;
				CODE_SIGN_STYLE = Automatic;
				DEVELOPMENT_TEAM = CS59J7397A;
				INFOPLIST_FILE = Metal_Preprocessing/Info.plist;
				LD_RUNPATH_SEARCH_PATHS = "$(inherited) @executable_path/Frameworks";
				PRODUCT_BUNDLE_IDENTIFIER = "com.sudolibre.com.Metal-Preprocessing";
				PRODUCT_NAME = "$(TARGET_NAME)";
				SWIFT_VERSION = 4.0;
				TARGETED_DEVICE_FAMILY = "1,2";
			};
			name = Debug;
		};
		FC6A76EC1F9E796F00F1F870 /* Release */ = {
			isa = XCBuildConfiguration;
			buildSettings = {
				ASSETCATALOG_COMPILER_APPICON_NAME = AppIcon;
				CODE_SIGN_STYLE = Automatic;
				DEVELOPMENT_TEAM = CS59J7397A;
				INFOPLIST_FILE = Metal_Preprocessing/Info.plist;
				LD_RUNPATH_SEARCH_PATHS = "$(inherited) @executable_path/Frameworks";
				PRODUCT_BUNDLE_IDENTIFIER = "com.sudolibre.com.Metal-Preprocessing";
				PRODUCT_NAME = "$(TARGET_NAME)";
				SWIFT_VERSION = 4.0;
				TARGETED_DEVICE_FAMILY = "1,2";
			};
			name = Release;
		};
/* End XCBuildConfiguration section */

/* Begin XCConfigurationList section */
		FC6A76D31F9E796F00F1F870 /* Build configuration list for PBXProject "Metal_Preprocessing" */ = {
			isa = XCConfigurationList;
			buildConfigurations = (
				FC6A76E81F9E796F00F1F870 /* Debug */,
				FC6A76E91F9E796F00F1F870 /* Release */,
			);
			defaultConfigurationIsVisible = 0;
			defaultConfigurationName = Release;
		};
		FC6A76EA1F9E796F00F1F870 /* Build configuration list for PBXNativeTarget "Metal_Preprocessing" */ = {
			isa = XCConfigurationList;
			buildConfigurations = (
				FC6A76EB1F9E796F00F1F870 /* Debug */,
				FC6A76EC1F9E796F00F1F870 /* Release */,
			);
			defaultConfigurationIsVisible = 0;
			defaultConfigurationName = Release;
		};
/* End XCConfigurationList section */
	};
	rootObject = FC6A76D01F9E796F00F1F870 /* Project object */;
}
